
Microsoft Visual Studio Solution File, Format Version 12.00
# Visual Studio 15
VisualStudioVersion = 15.0.28010.2019
MinimumVisualStudioVersion = 10.0.40219.1
Project("{FAE04EC0-301F-11D3-BF4B-00C04F79EFBC}") = "arrayTask1_2", "arrayTask1_2\arrayTask1_2.csproj", "{7B9DC49E-0CCC-40D8-8A3C-6BB422FE116B}"
EndProject
Global
	GlobalSection(SolutionConfigurationPlatforms) = preSolution
		Debug|Any CPU = Debug|Any CPU
		Release|Any CPU = Release|Any CPU
	EndGlobalSection
	GlobalSection(ProjectConfigurationPlatforms) = postSolution
		{7B9DC49E-0CCC-40D8-8A3C-6BB422FE116B}.Debug|Any CPU.ActiveCfg = Debug|Any CPU
		{7B9DC49E-0CCC-40D8-8A3C-6BB422FE116B}.Debug|Any CPU.Build.0 = Debug|Any CPU
		{7B9DC49E-0CCC-40D8-8A3C-6BB422FE116B}.Release|Any CPU.ActiveCfg = Release|Any CPU
		{7B9DC49E-0CCC-40D8-8A3C-6BB422FE116B}.Release|Any CPU.Build.0 = Release|Any CPU
	EndGlobalSection
	GlobalSection(SolutionProperties) = preSolution
		HideSolutionNode = FALSE
	EndGlobalSection
	GlobalSection(ExtensibilityGlobals) = postSolution
		SolutionGuid = {112367FA-8361-4D74-962D-0276EF728FE6}
	EndGlobalSection
EndGlobal
