
Microsoft Visual Studio Solution File, Format Version 12.00
# Visual Studio 15
VisualStudioVersion = 15.0.27703.2047
MinimumVisualStudioVersion = 10.0.40219.1
Project("{FAE04EC0-301F-11D3-BF4B-00C04F79EFBC}") = "kahvikuppi", "kahvikuppi\kahvikuppi.csproj", "{67E9C45D-09CB-4AC3-BD36-2918011A2FD4}"
EndProject
Global
	GlobalSection(SolutionConfigurationPlatforms) = preSolution
		Debug|Any CPU = Debug|Any CPU
		Release|Any CPU = Release|Any CPU
	EndGlobalSection
	GlobalSection(ProjectConfigurationPlatforms) = postSolution
		{67E9C45D-09CB-4AC3-BD36-2918011A2FD4}.Debug|Any CPU.ActiveCfg = Debug|Any CPU
		{67E9C45D-09CB-4AC3-BD36-2918011A2FD4}.Debug|Any CPU.Build.0 = Debug|Any CPU
		{67E9C45D-09CB-4AC3-BD36-2918011A2FD4}.Release|Any CPU.ActiveCfg = Release|Any CPU
		{67E9C45D-09CB-4AC3-BD36-2918011A2FD4}.Release|Any CPU.Build.0 = Release|Any CPU
	EndGlobalSection
	GlobalSection(SolutionProperties) = preSolution
		HideSolutionNode = FALSE
	EndGlobalSection
	GlobalSection(ExtensibilityGlobals) = postSolution
		SolutionGuid = {9B7F02DB-73B2-4723-BAD1-F5FDE07B12C4}
	EndGlobalSection
EndGlobal
