
Microsoft Visual Studio Solution File, Format Version 12.00
# Visual Studio 15
VisualStudioVersion = 15.0.28010.2019
MinimumVisualStudioVersion = 10.0.40219.1
Project("{FAE04EC0-301F-11D3-BF4B-00C04F79EFBC}") = "loopTask5", "loopTask5\loopTask5.csproj", "{1FA85EB7-1A3D-407C-A92C-048CF130AC5E}"
EndProject
Global
	GlobalSection(SolutionConfigurationPlatforms) = preSolution
		Debug|Any CPU = Debug|Any CPU
		Release|Any CPU = Release|Any CPU
	EndGlobalSection
	GlobalSection(ProjectConfigurationPlatforms) = postSolution
		{1FA85EB7-1A3D-407C-A92C-048CF130AC5E}.Debug|Any CPU.ActiveCfg = Debug|Any CPU
		{1FA85EB7-1A3D-407C-A92C-048CF130AC5E}.Debug|Any CPU.Build.0 = Debug|Any CPU
		{1FA85EB7-1A3D-407C-A92C-048CF130AC5E}.Release|Any CPU.ActiveCfg = Release|Any CPU
		{1FA85EB7-1A3D-407C-A92C-048CF130AC5E}.Release|Any CPU.Build.0 = Release|Any CPU
	EndGlobalSection
	GlobalSection(SolutionProperties) = preSolution
		HideSolutionNode = FALSE
	EndGlobalSection
	GlobalSection(ExtensibilityGlobals) = postSolution
		SolutionGuid = {6555EDA2-31E7-4B84-B53A-0A4AB46C7AE5}
	EndGlobalSection
EndGlobal
