
Microsoft Visual Studio Solution File, Format Version 12.00
# Visual Studio 15
VisualStudioVersion = 15.0.28010.2019
MinimumVisualStudioVersion = 10.0.40219.1
Project("{FAE04EC0-301F-11D3-BF4B-00C04F79EFBC}") = "fileHandling1_1", "fileHandling1_1\fileHandling1_1.csproj", "{2B31F088-8F93-423B-A650-5179EBB16B62}"
EndProject
Project("{FAE04EC0-301F-11D3-BF4B-00C04F79EFBC}") = "ExampleFileClass", "ExampleFileClass\ExampleFileClass.csproj", "{A513E536-7627-40A5-8ACE-1FDB57A97355}"
EndProject
Global
	GlobalSection(SolutionConfigurationPlatforms) = preSolution
		Debug|Any CPU = Debug|Any CPU
		Release|Any CPU = Release|Any CPU
	EndGlobalSection
	GlobalSection(ProjectConfigurationPlatforms) = postSolution
		{2B31F088-8F93-423B-A650-5179EBB16B62}.Debug|Any CPU.ActiveCfg = Debug|Any CPU
		{2B31F088-8F93-423B-A650-5179EBB16B62}.Debug|Any CPU.Build.0 = Debug|Any CPU
		{2B31F088-8F93-423B-A650-5179EBB16B62}.Release|Any CPU.ActiveCfg = Release|Any CPU
		{2B31F088-8F93-423B-A650-5179EBB16B62}.Release|Any CPU.Build.0 = Release|Any CPU
		{A513E536-7627-40A5-8ACE-1FDB57A97355}.Debug|Any CPU.ActiveCfg = Debug|Any CPU
		{A513E536-7627-40A5-8ACE-1FDB57A97355}.Debug|Any CPU.Build.0 = Debug|Any CPU
		{A513E536-7627-40A5-8ACE-1FDB57A97355}.Release|Any CPU.ActiveCfg = Release|Any CPU
		{A513E536-7627-40A5-8ACE-1FDB57A97355}.Release|Any CPU.Build.0 = Release|Any CPU
	EndGlobalSection
	GlobalSection(SolutionProperties) = preSolution
		HideSolutionNode = FALSE
	EndGlobalSection
	GlobalSection(ExtensibilityGlobals) = postSolution
		SolutionGuid = {6CFEE6E4-B0C8-44BD-B06A-F0B45248AE5F}
	EndGlobalSection
EndGlobal
